
Microsoft Visual Studio Solution File, Format Version 12.00
# Visual Studio Version 17
VisualStudioVersion = 17.5.002.0
MinimumVisualStudioVersion = 10.0.40219.1
Project("{9A19103F-16F7-4668-BE54-9A1E7A4F7556}") = "01", "01.csproj", "{1AE5C422-040D-410D-AF34-EBDF0A6D5811}"
EndProject
Global
	GlobalSection(SolutionConfigurationPlatforms) = preSolution
		Debug|Any CPU = Debug|Any CPU
		Release|Any CPU = Release|Any CPU
	EndGlobalSection
	GlobalSection(ProjectConfigurationPlatforms) = postSolution
		{1AE5C422-040D-410D-AF34-EBDF0A6D5811}.Debug|Any CPU.ActiveCfg = Debug|Any CPU
		{1AE5C422-040D-410D-AF34-EBDF0A6D5811}.Debug|Any CPU.Build.0 = Debug|Any CPU
		{1AE5C422-040D-410D-AF34-EBDF0A6D5811}.Release|Any CPU.ActiveCfg = Release|Any CPU
		{1AE5C422-040D-410D-AF34-EBDF0A6D5811}.Release|Any CPU.Build.0 = Release|Any CPU
	EndGlobalSection
	GlobalSection(SolutionProperties) = preSolution
		HideSolutionNode = FALSE
	EndGlobalSection
	GlobalSection(ExtensibilityGlobals) = postSolution
		SolutionGuid = {7825E536-4935-4F60-AD42-76401AE336D5}
	EndGlobalSection
EndGlobal
